
Microsoft Visual Studio Solution File, Format Version 12.00
# Visual Studio Version 17
VisualStudioVersion = 17.8.34525.116
MinimumVisualStudioVersion = 10.0.40219.1
Project("{2150E333-8FDC-42A3-9474-1A3956D46DE8}") = "Presentation", "Presentation", "{9F931B0A-D538-45C2-9BA7-A981B668E02D}"
EndProject
Project("{2150E333-8FDC-42A3-9474-1A3956D46DE8}") = "Database", "Database", "{21AA1640-B310-4092-A9FF-311FAA8075A7}"
EndProject
Project("{2150E333-8FDC-42A3-9474-1A3956D46DE8}") = "Core", "Core", "{F64C970D-7236-4832-AB9D-02CE0428B1E9}"
EndProject
Project("{9A19103F-16F7-4668-BE54-9A1E7A4F7556}") = "Infrastructure", "Infrastructure\Infrastructure.csproj", "{ACD277C9-1BDD-427C-8E3C-9B8DD38268CA}"
EndProject
Project("{2150E333-8FDC-42A3-9474-1A3956D46DE8}") = "Элементы решения", "Элементы решения", "{8576D6E2-F884-4E75-921A-0E838DE1CAB2}"
	ProjectSection(SolutionItems) = preProject
		.gitattributes = .gitattributes
		.gitignore = .gitignore
		README.md = README.md
		RouteMap.md = RouteMap.md
	EndProjectSection
EndProject
Project("{9A19103F-16F7-4668-BE54-9A1E7A4F7556}") = "TaskTrackerAPI", "TaskTrackerAPI\TaskTrackerAPI.csproj", "{8FCF8DD8-59E7-4C59-A48A-FA8ABC54726C}"
EndProject
Project("{9A19103F-16F7-4668-BE54-9A1E7A4F7556}") = "BuisnnesService", "BuisnnesService\BuisnnesService.csproj", "{20E7C5D0-B1C4-4159-AB74-957813D52877}"
EndProject
Global
	GlobalSection(SolutionConfigurationPlatforms) = preSolution
		Debug|Any CPU = Debug|Any CPU
		Release|Any CPU = Release|Any CPU
	EndGlobalSection
	GlobalSection(ProjectConfigurationPlatforms) = postSolution
		{ACD277C9-1BDD-427C-8E3C-9B8DD38268CA}.Debug|Any CPU.ActiveCfg = Debug|Any CPU
		{ACD277C9-1BDD-427C-8E3C-9B8DD38268CA}.Debug|Any CPU.Build.0 = Debug|Any CPU
		{ACD277C9-1BDD-427C-8E3C-9B8DD38268CA}.Release|Any CPU.ActiveCfg = Release|Any CPU
		{ACD277C9-1BDD-427C-8E3C-9B8DD38268CA}.Release|Any CPU.Build.0 = Release|Any CPU
		{8FCF8DD8-59E7-4C59-A48A-FA8ABC54726C}.Debug|Any CPU.ActiveCfg = Debug|Any CPU
		{8FCF8DD8-59E7-4C59-A48A-FA8ABC54726C}.Debug|Any CPU.Build.0 = Debug|Any CPU
		{8FCF8DD8-59E7-4C59-A48A-FA8ABC54726C}.Release|Any CPU.ActiveCfg = Release|Any CPU
		{8FCF8DD8-59E7-4C59-A48A-FA8ABC54726C}.Release|Any CPU.Build.0 = Release|Any CPU
		{20E7C5D0-B1C4-4159-AB74-957813D52877}.Debug|Any CPU.ActiveCfg = Debug|Any CPU
		{20E7C5D0-B1C4-4159-AB74-957813D52877}.Debug|Any CPU.Build.0 = Debug|Any CPU
		{20E7C5D0-B1C4-4159-AB74-957813D52877}.Release|Any CPU.ActiveCfg = Release|Any CPU
		{20E7C5D0-B1C4-4159-AB74-957813D52877}.Release|Any CPU.Build.0 = Release|Any CPU
	EndGlobalSection
	GlobalSection(SolutionProperties) = preSolution
		HideSolutionNode = FALSE
	EndGlobalSection
	GlobalSection(NestedProjects) = preSolution
		{ACD277C9-1BDD-427C-8E3C-9B8DD38268CA} = {21AA1640-B310-4092-A9FF-311FAA8075A7}
		{8FCF8DD8-59E7-4C59-A48A-FA8ABC54726C} = {9F931B0A-D538-45C2-9BA7-A981B668E02D}
		{20E7C5D0-B1C4-4159-AB74-957813D52877} = {F64C970D-7236-4832-AB9D-02CE0428B1E9}
	EndGlobalSection
	GlobalSection(ExtensibilityGlobals) = postSolution
		SolutionGuid = {2FFA442D-2908-469D-A9FF-2DCB7E6E4536}
	EndGlobalSection
EndGlobal
